
Microsoft Visual Studio Solution File, Format Version 12.00
Project("{FAE04EC0-301F-11D3-BF4B-00C04F79EFBC}") = "ShipRegistryTests", "tests\ShipRegistryTests\ShipRegistryTests.csproj", "{46B7452F-ACA5-42EF-8600-899D94B1485E}"
EndProject
Project("{2150E333-8FDC-42A3-9474-1A3956D46DE8}") = "tests", "tests", "{886B4FB2-2D05-4C22-87E7-BB835A918340}"
EndProject
Project("{2150E333-8FDC-42A3-9474-1A3956D46DE8}") = "src", "src", "{457DF058-F0BF-4128-9D19-9911D8BF771D}"
EndProject
Project("{FAE04EC0-301F-11D3-BF4B-00C04F79EFBC}") = "ShipRegistryApplication", "src\ShipRegistryApplication\ShipRegistryApplication.csproj", "{E4278C66-6A6A-4B4E-8BC6-30FD8B51B607}"
EndProject
Project("{FAE04EC0-301F-11D3-BF4B-00C04F79EFBC}") = "ShipRegistryPorts", "src\ShipRegistryPorts\ShipRegistryPorts.csproj", "{4410EEA7-9E8F-471C-B122-4CD2463BDBB8}"
EndProject
Project("{FAE04EC0-301F-11D3-BF4B-00C04F79EFBC}") = "ShipRegistryAPI", "src\ShipRegistryAPI\ShipRegistryAPI.csproj", "{4B828C89-54AE-413A-819E-BEE870B12A25}"
EndProject
Global
	GlobalSection(SolutionConfigurationPlatforms) = preSolution
		Debug|Any CPU = Debug|Any CPU
		Release|Any CPU = Release|Any CPU
	EndGlobalSection
	GlobalSection(ProjectConfigurationPlatforms) = postSolution
		{46B7452F-ACA5-42EF-8600-899D94B1485E}.Debug|Any CPU.ActiveCfg = Debug|Any CPU
		{46B7452F-ACA5-42EF-8600-899D94B1485E}.Debug|Any CPU.Build.0 = Debug|Any CPU
		{46B7452F-ACA5-42EF-8600-899D94B1485E}.Release|Any CPU.ActiveCfg = Release|Any CPU
		{46B7452F-ACA5-42EF-8600-899D94B1485E}.Release|Any CPU.Build.0 = Release|Any CPU
		{E4278C66-6A6A-4B4E-8BC6-30FD8B51B607}.Debug|Any CPU.ActiveCfg = Debug|Any CPU
		{E4278C66-6A6A-4B4E-8BC6-30FD8B51B607}.Debug|Any CPU.Build.0 = Debug|Any CPU
		{E4278C66-6A6A-4B4E-8BC6-30FD8B51B607}.Release|Any CPU.ActiveCfg = Release|Any CPU
		{E4278C66-6A6A-4B4E-8BC6-30FD8B51B607}.Release|Any CPU.Build.0 = Release|Any CPU
		{4410EEA7-9E8F-471C-B122-4CD2463BDBB8}.Debug|Any CPU.ActiveCfg = Debug|Any CPU
		{4410EEA7-9E8F-471C-B122-4CD2463BDBB8}.Debug|Any CPU.Build.0 = Debug|Any CPU
		{4410EEA7-9E8F-471C-B122-4CD2463BDBB8}.Release|Any CPU.ActiveCfg = Release|Any CPU
		{4410EEA7-9E8F-471C-B122-4CD2463BDBB8}.Release|Any CPU.Build.0 = Release|Any CPU
		{4B828C89-54AE-413A-819E-BEE870B12A25}.Debug|Any CPU.ActiveCfg = Debug|Any CPU
		{4B828C89-54AE-413A-819E-BEE870B12A25}.Debug|Any CPU.Build.0 = Debug|Any CPU
		{4B828C89-54AE-413A-819E-BEE870B12A25}.Release|Any CPU.ActiveCfg = Release|Any CPU
		{4B828C89-54AE-413A-819E-BEE870B12A25}.Release|Any CPU.Build.0 = Release|Any CPU
	EndGlobalSection
	GlobalSection(NestedProjects) = preSolution
		{46B7452F-ACA5-42EF-8600-899D94B1485E} = {886B4FB2-2D05-4C22-87E7-BB835A918340}
		{E4278C66-6A6A-4B4E-8BC6-30FD8B51B607} = {457DF058-F0BF-4128-9D19-9911D8BF771D}
		{4410EEA7-9E8F-471C-B122-4CD2463BDBB8} = {457DF058-F0BF-4128-9D19-9911D8BF771D}
		{4B828C89-54AE-413A-819E-BEE870B12A25} = {457DF058-F0BF-4128-9D19-9911D8BF771D}
	EndGlobalSection
EndGlobal
